
Microsoft Visual Studio Solution File, Format Version 12.00
# Visual Studio Version 17
VisualStudioVersion = 17.9.34728.123
MinimumVisualStudioVersion = 10.0.40219.1
Project("{FAE04EC0-301F-11D3-BF4B-00C04F79EFBC}") = "Demo1", "Demo1\Demo1.csproj", "{BDD49E86-2D56-444D-8D2D-517F0EFD2CFC}"
EndProject
Project("{FAE04EC0-301F-11D3-BF4B-00C04F79EFBC}") = "Demo2", "Demo2\Demo2.csproj", "{997CEE4B-BDCF-48EF-BD4A-BDC7B418DAB1}"
EndProject
Project("{FAE04EC0-301F-11D3-BF4B-00C04F79EFBC}") = "Demo3", "Demo3\Demo3.csproj", "{55A97816-D02C-4C19-8FEE-AC5CD338354F}"
EndProject
Global
	GlobalSection(SolutionConfigurationPlatforms) = preSolution
		Debug|Any CPU = Debug|Any CPU
		Release|Any CPU = Release|Any CPU
	EndGlobalSection
	GlobalSection(ProjectConfigurationPlatforms) = postSolution
		{BDD49E86-2D56-444D-8D2D-517F0EFD2CFC}.Debug|Any CPU.ActiveCfg = Debug|Any CPU
		{BDD49E86-2D56-444D-8D2D-517F0EFD2CFC}.Debug|Any CPU.Build.0 = Debug|Any CPU
		{BDD49E86-2D56-444D-8D2D-517F0EFD2CFC}.Release|Any CPU.ActiveCfg = Release|Any CPU
		{BDD49E86-2D56-444D-8D2D-517F0EFD2CFC}.Release|Any CPU.Build.0 = Release|Any CPU
		{997CEE4B-BDCF-48EF-BD4A-BDC7B418DAB1}.Debug|Any CPU.ActiveCfg = Debug|Any CPU
		{997CEE4B-BDCF-48EF-BD4A-BDC7B418DAB1}.Debug|Any CPU.Build.0 = Debug|Any CPU
		{997CEE4B-BDCF-48EF-BD4A-BDC7B418DAB1}.Release|Any CPU.ActiveCfg = Release|Any CPU
		{997CEE4B-BDCF-48EF-BD4A-BDC7B418DAB1}.Release|Any CPU.Build.0 = Release|Any CPU
		{55A97816-D02C-4C19-8FEE-AC5CD338354F}.Debug|Any CPU.ActiveCfg = Debug|Any CPU
		{55A97816-D02C-4C19-8FEE-AC5CD338354F}.Debug|Any CPU.Build.0 = Debug|Any CPU
		{55A97816-D02C-4C19-8FEE-AC5CD338354F}.Release|Any CPU.ActiveCfg = Release|Any CPU
		{55A97816-D02C-4C19-8FEE-AC5CD338354F}.Release|Any CPU.Build.0 = Release|Any CPU
	EndGlobalSection
	GlobalSection(SolutionProperties) = preSolution
		HideSolutionNode = FALSE
	EndGlobalSection
	GlobalSection(ExtensibilityGlobals) = postSolution
		SolutionGuid = {CE879DFD-2CCE-4C60-97FA-ADED8F023444}
	EndGlobalSection
EndGlobal
